
Microsoft Visual Studio Solution File, Format Version 12.00
Project("{FAE04EC0-301F-11D3-BF4B-00C04F79EFBC}") = "SkSemanticSearch", "src\SkSemanticSearch\SkSemanticSearch.csproj", "{B8436A50-64EE-47EF-8DAD-07DAD25E7348}"
EndProject
Global
	GlobalSection(SolutionConfigurationPlatforms) = preSolution
		Debug|Any CPU = Debug|Any CPU
		Release|Any CPU = Release|Any CPU
	EndGlobalSection
	GlobalSection(ProjectConfigurationPlatforms) = postSolution
		{B8436A50-64EE-47EF-8DAD-07DAD25E7348}.Debug|Any CPU.ActiveCfg = Debug|Any CPU
		{B8436A50-64EE-47EF-8DAD-07DAD25E7348}.Debug|Any CPU.Build.0 = Debug|Any CPU
		{B8436A50-64EE-47EF-8DAD-07DAD25E7348}.Release|Any CPU.ActiveCfg = Release|Any CPU
		{B8436A50-64EE-47EF-8DAD-07DAD25E7348}.Release|Any CPU.Build.0 = Release|Any CPU
	EndGlobalSection
EndGlobal
